
Microsoft Visual Studio Solution File, Format Version 12.00
# Visual Studio Version 16
VisualStudioVersion = 16.0.31105.61
MinimumVisualStudioVersion = 10.0.40219.1
Project("{FAE04EC0-301F-11D3-BF4B-00C04F79EFBC}") = "Figure", "Figure\Figure.csproj", "{EA1E3798-A4F5-4414-89AC-4A6038164BA0}"
EndProject
Global
	GlobalSection(SolutionConfigurationPlatforms) = preSolution
		Debug|Any CPU = Debug|Any CPU
		Release|Any CPU = Release|Any CPU
	EndGlobalSection
	GlobalSection(ProjectConfigurationPlatforms) = postSolution
		{EA1E3798-A4F5-4414-89AC-4A6038164BA0}.Debug|Any CPU.ActiveCfg = Debug|Any CPU
		{EA1E3798-A4F5-4414-89AC-4A6038164BA0}.Debug|Any CPU.Build.0 = Debug|Any CPU
		{EA1E3798-A4F5-4414-89AC-4A6038164BA0}.Release|Any CPU.ActiveCfg = Release|Any CPU
		{EA1E3798-A4F5-4414-89AC-4A6038164BA0}.Release|Any CPU.Build.0 = Release|Any CPU
	EndGlobalSection
	GlobalSection(SolutionProperties) = preSolution
		HideSolutionNode = FALSE
	EndGlobalSection
	GlobalSection(ExtensibilityGlobals) = postSolution
		SolutionGuid = {D7C16347-DCBE-40D7-92BC-536EAB511833}
	EndGlobalSection
EndGlobal
